// !$*UTF8*$!
{
	archiveVersion = 1;
	classes = {
	};
	objectVersion = 52;
	objects = {

/* Begin PBXBuildFile section */
		FB0213A625D4E6A2006DAE4E /* AppDelegate.swift in Sources */ = {isa = PBXBuildFile; fileRef = FB0213A525D4E6A2006DAE4E /* AppDelegate.swift */; };
		FB0213A825D4E6A2006DAE4E /* SceneDelegate.swift in Sources */ = {isa = PBXBuildFile; fileRef = FB0213A725D4E6A2006DAE4E /* SceneDelegate.swift */; };
		FB0213AA25D4E6A2006DAE4E /* ViewController.swift in Sources */ = {isa = PBXBuildFile; fileRef = FB0213A925D4E6A2006DAE4E /* ViewController.swift */; };
		FB0213AD25D4E6A2006DAE4E /* Main.storyboard in Resources */ = {isa = PBXBuildFile; fileRef = FB0213AB25D4E6A2006DAE4E /* Main.storyboard */; };
		FB0213AF25D4E6A3006DAE4E /* Assets.xcassets in Resources */ = {isa = PBXBuildFile; fileRef = FB0213AE25D4E6A3006DAE4E /* Assets.xcassets */; };
		FB0213B225D4E6A3006DAE4E /* LaunchScreen.storyboard in Resources */ = {isa = PBXBuildFile; fileRef = FB0213B025D4E6A3006DAE4E /* LaunchScreen.storyboard */; };
		FB0213BD25D4E6A3006DAE4E /* SwiftPMAppTests.swift in Sources */ = {isa = PBXBuildFile; fileRef = FB0213BC25D4E6A3006DAE4E /* SwiftPMAppTests.swift */; };
		FB0213C825D4E6A3006DAE4E /* SwiftPMAppUITests.swift in Sources */ = {isa = PBXBuildFile; fileRef = FB0213C725D4E6A3006DAE4E /* SwiftPMAppUITests.swift */; };
		FB545F9D25D4EC1D00F4129D /* PKHUD in Frameworks */ = {isa = PBXBuildFile; productRef = FB545F9C25D4EC1D00F4129D /* PKHUD */; };
/* End PBXBuildFile section */

/* Begin PBXContainerItemProxy section */
		FB0213B925D4E6A3006DAE4E /* PBXContainerItemProxy */ = {
			isa = PBXContainerItemProxy;
			containerPortal = FB02139A25D4E6A2006DAE4E /* Project object */;
			proxyType = 1;
			remoteGlobalIDString = FB0213A125D4E6A2006DAE4E;
			remoteInfo = SwiftPMApp;
		};
		FB0213C425D4E6A3006DAE4E /* PBXContainerItemProxy */ = {
			isa = PBXContainerItemProxy;
			containerPortal = FB02139A25D4E6A2006DAE4E /* Project object */;
			proxyType = 1;
			remoteGlobalIDString = FB0213A125D4E6A2006DAE4E;
			remoteInfo = SwiftPMApp;
		};
/* End PBXContainerItemProxy section */

/* Begin PBXFileReference section */
		FB0213A225D4E6A2006DAE4E /* SwiftPMApp.app */ = {isa = PBXFileReference; explicitFileType = wrapper.application; includeInIndex = 0; path = SwiftPMApp.app; sourceTree = BUILT_PRODUCTS_DIR; };
		FB0213A525D4E6A2006DAE4E /* AppDelegate.swift */ = {isa = PBXFileReference; lastKnownFileType = sourcecode.swift; path = AppDelegate.swift; sourceTree = "<group>"; };
		FB0213A725D4E6A2006DAE4E /* SceneDelegate.swift */ = {isa = PBXFileReference; lastKnownFileType = sourcecode.swift; path = SceneDelegate.swift; sourceTree = "<group>"; };
		FB0213A925D4E6A2006DAE4E /* ViewController.swift */ = {isa = PBXFileReference; lastKnownFileType = sourcecode.swift; path = ViewController.swift; sourceTree = "<group>"; };
		FB0213AC25D4E6A2006DAE4E /* Base */ = {isa = PBXFileReference; lastKnownFileType = file.storyboard; name = Base; path = Base.lproj/Main.storyboard; sourceTree = "<group>"; };
		FB0213AE25D4E6A3006DAE4E /* Assets.xcassets */ = {isa = PBXFileReference; lastKnownFileType = folder.assetcatalog; path = Assets.xcassets; sourceTree = "<group>"; };
		FB0213B125D4E6A3006DAE4E /* Base */ = {isa = PBXFileReference; lastKnownFileType = file.storyboard; name = Base; path = Base.lproj/LaunchScreen.storyboard; sourceTree = "<group>"; };
		FB0213B325D4E6A3006DAE4E /* Info.plist */ = {isa = PBXFileReference; lastKnownFileType = text.plist.xml; path = Info.plist; sourceTree = "<group>"; };
		FB0213B825D4E6A3006DAE4E /* SwiftPMAppTests.xctest */ = {isa = PBXFileReference; explicitFileType = wrapper.cfbundle; includeInIndex = 0; path = SwiftPMAppTests.xctest; sourceTree = BUILT_PRODUCTS_DIR; };
		FB0213BC25D4E6A3006DAE4E /* SwiftPMAppTests.swift */ = {isa = PBXFileReference; lastKnownFileType = sourcecode.swift; path = SwiftPMAppTests.swift; sourceTree = "<group>"; };
		FB0213BE25D4E6A3006DAE4E /* Info.plist */ = {isa = PBXFileReference; lastKnownFileType = text.plist.xml; path = Info.plist; sourceTree = "<group>"; };
		FB0213C325D4E6A3006DAE4E /* SwiftPMAppUITests.xctest */ = {isa = PBXFileReference; explicitFileType = wrapper.cfbundle; includeInIndex = 0; path = SwiftPMAppUITests.xctest; sourceTree = BUILT_PRODUCTS_DIR; };
		FB0213C725D4E6A3006DAE4E /* SwiftPMAppUITests.swift */ = {isa = PBXFileReference; lastKnownFileType = sourcecode.swift; path = SwiftPMAppUITests.swift; sourceTree = "<group>"; };
		FB0213C925D4E6A3006DAE4E /* Info.plist */ = {isa = PBXFileReference; lastKnownFileType = text.plist.xml; path = Info.plist; sourceTree = "<group>"; };
/* End PBXFileReference section */

/* Begin PBXFrameworksBuildPhase section */
		FB02139F25D4E6A2006DAE4E /* Frameworks */ = {
			isa = PBXFrameworksBuildPhase;
			buildActionMask = 2147483647;
			files = (
				FB545F9D25D4EC1D00F4129D /* PKHUD in Frameworks */,
			);
			runOnlyForDeploymentPostprocessing = 0;
		};
		FB0213B525D4E6A3006DAE4E /* Frameworks */ = {
			isa = PBXFrameworksBuildPhase;
			buildActionMask = 2147483647;
			files = (
			);
			runOnlyForDeploymentPostprocessing = 0;
		};
		FB0213C025D4E6A3006DAE4E /* Frameworks */ = {
			isa = PBXFrameworksBuildPhase;
			buildActionMask = 2147483647;
			files = (
			);
			runOnlyForDeploymentPostprocessing = 0;
		};
/* End PBXFrameworksBuildPhase section */

/* Begin PBXGroup section */
		FB02139925D4E6A2006DAE4E = {
			isa = PBXGroup;
			children = (
				FB0213A425D4E6A2006DAE4E /* SwiftPMApp */,
				FB0213BB25D4E6A3006DAE4E /* SwiftPMAppTests */,
				FB0213C625D4E6A3006DAE4E /* SwiftPMAppUITests */,
				FB0213A325D4E6A2006DAE4E /* Products */,
			);
			sourceTree = "<group>";
		};
		FB0213A325D4E6A2006DAE4E /* Products */ = {
			isa = PBXGroup;
			children = (
				FB0213A225D4E6A2006DAE4E /* SwiftPMApp.app */,
				FB0213B825D4E6A3006DAE4E /* SwiftPMAppTests.xctest */,
				FB0213C325D4E6A3006DAE4E /* SwiftPMAppUITests.xctest */,
			);
			name = Products;
			sourceTree = "<group>";
		};
		FB0213A425D4E6A2006DAE4E /* SwiftPMApp */ = {
			isa = PBXGroup;
			children = (
				FB0213A525D4E6A2006DAE4E /* AppDelegate.swift */,
				FB0213A725D4E6A2006DAE4E /* SceneDelegate.swift */,
				FB0213A925D4E6A2006DAE4E /* ViewController.swift */,
				FB0213AB25D4E6A2006DAE4E /* Main.storyboard */,
				FB0213AE25D4E6A3006DAE4E /* Assets.xcassets */,
				FB0213B025D4E6A3006DAE4E /* LaunchScreen.storyboard */,
				FB0213B325D4E6A3006DAE4E /* Info.plist */,
			);
			path = SwiftPMApp;
			sourceTree = "<group>";
		};
		FB0213BB25D4E6A3006DAE4E /* SwiftPMAppTests */ = {
			isa = PBXGroup;
			children = (
				FB0213BC25D4E6A3006DAE4E /* SwiftPMAppTests.swift */,
				FB0213BE25D4E6A3006DAE4E /* Info.plist */,
			);
			path = SwiftPMAppTests;
			sourceTree = "<group>";
		};
		FB0213C625D4E6A3006DAE4E /* SwiftPMAppUITests */ = {
			isa = PBXGroup;
			children = (
				FB0213C725D4E6A3006DAE4E /* SwiftPMAppUITests.swift */,
				FB0213C925D4E6A3006DAE4E /* Info.plist */,
			);
			path = SwiftPMAppUITests;
			sourceTree = "<group>";
		};
/* End PBXGroup section */

/* Begin PBXNativeTarget section */
		FB0213A125D4E6A2006DAE4E /* SwiftPMApp */ = {
			isa = PBXNativeTarget;
			buildConfigurationList = FB0213CC25D4E6A3006DAE4E /* Build configuration list for PBXNativeTarget "SwiftPMApp" */;
			buildPhases = (
				FB02139E25D4E6A2006DAE4E /* Sources */,
				FB02139F25D4E6A2006DAE4E /* Frameworks */,
				FB0213A025D4E6A2006DAE4E /* Resources */,
			);
			buildRules = (
			);
			dependencies = (
			);
			name = SwiftPMApp;
			packageProductDependencies = (
				FB545F9C25D4EC1D00F4129D /* PKHUD */,
			);
			productName = SwiftPMApp;
			productReference = FB0213A225D4E6A2006DAE4E /* SwiftPMApp.app */;
			productType = "com.apple.product-type.application";
		};
		FB0213B725D4E6A3006DAE4E /* SwiftPMAppTests */ = {
			isa = PBXNativeTarget;
			buildConfigurationList = FB0213CF25D4E6A3006DAE4E /* Build configuration list for PBXNativeTarget "SwiftPMAppTests" */;
			buildPhases = (
				FB0213B425D4E6A3006DAE4E /* Sources */,
				FB0213B525D4E6A3006DAE4E /* Frameworks */,
				FB0213B625D4E6A3006DAE4E /* Resources */,
			);
			buildRules = (
			);
			dependencies = (
				FB0213BA25D4E6A3006DAE4E /* PBXTargetDependency */,
			);
			name = SwiftPMAppTests;
			productName = SwiftPMAppTests;
			productReference = FB0213B825D4E6A3006DAE4E /* SwiftPMAppTests.xctest */;
			productType = "com.apple.product-type.bundle.unit-test";
		};
		FB0213C225D4E6A3006DAE4E /* SwiftPMAppUITests */ = {
			isa = PBXNativeTarget;
			buildConfigurationList = FB0213D225D4E6A3006DAE4E /* Build configuration list for PBXNativeTarget "SwiftPMAppUITests" */;
			buildPhases = (
				FB0213BF25D4E6A3006DAE4E /* Sources */,
				FB0213C025D4E6A3006DAE4E /* Frameworks */,
				FB0213C125D4E6A3006DAE4E /* Resources */,
			);
			buildRules = (
			);
			dependencies = (
				FB0213C525D4E6A3006DAE4E /* PBXTargetDependency */,
			);
			name = SwiftPMAppUITests;
			productName = SwiftPMAppUITests;
			productReference = FB0213C325D4E6A3006DAE4E /* SwiftPMAppUITests.xctest */;
			productType = "com.apple.product-type.bundle.ui-testing";
		};
/* End PBXNativeTarget section */

/* Begin PBXProject section */
		FB02139A25D4E6A2006DAE4E /* Project object */ = {
			isa = PBXProject;
			attributes = {
				LastSwiftUpdateCheck = 1240;
				LastUpgradeCheck = 1240;
				TargetAttributes = {
					FB0213A125D4E6A2006DAE4E = {
						CreatedOnToolsVersion = 12.4;
					};
					FB0213B725D4E6A3006DAE4E = {
						CreatedOnToolsVersion = 12.4;
						TestTargetID = FB0213A125D4E6A2006DAE4E;
					};
					FB0213C225D4E6A3006DAE4E = {
						CreatedOnToolsVersion = 12.4;
						TestTargetID = FB0213A125D4E6A2006DAE4E;
					};
				};
			};
			buildConfigurationList = FB02139D25D4E6A2006DAE4E /* Build configuration list for PBXProject "SwiftPMApp" */;
			compatibilityVersion = "Xcode 9.3";
			developmentRegion = en;
			hasScannedForEncodings = 0;
			knownRegions = (
				en,
				Base,
			);
			mainGroup = FB02139925D4E6A2006DAE4E;
			packageReferences = (
				FB545F9B25D4EC1D00F4129D /* XCRemoteSwiftPackageReference "PKHUD" */,
			);
			productRefGroup = FB0213A325D4E6A2006DAE4E /* Products */;
			projectDirPath = "";
			projectRoot = "";
			targets = (
				FB0213A125D4E6A2006DAE4E /* SwiftPMApp */,
				FB0213B725D4E6A3006DAE4E /* SwiftPMAppTests */,
				FB0213C225D4E6A3006DAE4E /* SwiftPMAppUITests */,
			);
		};
/* End PBXProject section */

/* Begin PBXResourcesBuildPhase section */
		FB0213A025D4E6A2006DAE4E /* Resources */ = {
			isa = PBXResourcesBuildPhase;
			buildActionMask = 2147483647;
			files = (
				FB0213B225D4E6A3006DAE4E /* LaunchScreen.storyboard in Resources */,
				FB0213AF25D4E6A3006DAE4E /* Assets.xcassets in Resources */,
				FB0213AD25D4E6A2006DAE4E /* Main.storyboard in Resources */,
			);
			runOnlyForDeploymentPostprocessing = 0;
		};
		FB0213B625D4E6A3006DAE4E /* Resources */ = {
			isa = PBXResourcesBuildPhase;
			buildActionMask = 2147483647;
			files = (
			);
			runOnlyForDeploymentPostprocessing = 0;
		};
		FB0213C125D4E6A3006DAE4E /* Resources */ = {
			isa = PBXResourcesBuildPhase;
			buildActionMask = 2147483647;
			files = (
			);
			runOnlyForDeploymentPostprocessing = 0;
		};
/* End PBXResourcesBuildPhase section */

/* Begin PBXSourcesBuildPhase section */
		FB02139E25D4E6A2006DAE4E /* Sources */ = {
			isa = PBXSourcesBuildPhase;
			buildActionMask = 2147483647;
			files = (
				FB0213AA25D4E6A2006DAE4E /* ViewController.swift in Sources */,
				FB0213A625D4E6A2006DAE4E /* AppDelegate.swift in Sources */,
				FB0213A825D4E6A2006DAE4E /* SceneDelegate.swift in Sources */,
			);
			runOnlyForDeploymentPostprocessing = 0;
		};
		FB0213B425D4E6A3006DAE4E /* Sources */ = {
			isa = PBXSourcesBuildPhase;
			buildActionMask = 2147483647;
			files = (
				FB0213BD25D4E6A3006DAE4E /* SwiftPMAppTests.swift in Sources */,
			);
			runOnlyForDeploymentPostprocessing = 0;
		};
		FB0213BF25D4E6A3006DAE4E /* Sources */ = {
			isa = PBXSourcesBuildPhase;
			buildActionMask = 2147483647;
			files = (
				FB0213C825D4E6A3006DAE4E /* SwiftPMAppUITests.swift in Sources */,
			);
			runOnlyForDeploymentPostprocessing = 0;
		};
/* End PBXSourcesBuildPhase section */

/* Begin PBXTargetDependency section */
		FB0213BA25D4E6A3006DAE4E /* PBXTargetDependency */ = {
			isa = PBXTargetDependency;
			target = FB0213A125D4E6A2006DAE4E /* SwiftPMApp */;
			targetProxy = FB0213B925D4E6A3006DAE4E /* PBXContainerItemProxy */;
		};
		FB0213C525D4E6A3006DAE4E /* PBXTargetDependency */ = {
			isa = PBXTargetDependency;
			target = FB0213A125D4E6A2006DAE4E /* SwiftPMApp */;
			targetProxy = FB0213C425D4E6A3006DAE4E /* PBXContainerItemProxy */;
		};
/* End PBXTargetDependency section */

/* Begin PBXVariantGroup section */
		FB0213AB25D4E6A2006DAE4E /* Main.storyboard */ = {
			isa = PBXVariantGroup;
			children = (
				FB0213AC25D4E6A2006DAE4E /* Base */,
			);
			name = Main.storyboard;
			sourceTree = "<group>";
		};
		FB0213B025D4E6A3006DAE4E /* LaunchScreen.storyboard */ = {
			isa = PBXVariantGroup;
			children = (
				FB0213B125D4E6A3006DAE4E /* Base */,
			);
			name = LaunchScreen.storyboard;
			sourceTree = "<group>";
		};
/* End PBXVariantGroup section */

/* Begin XCBuildConfiguration section */
		FB0213CA25D4E6A3006DAE4E /* Debug */ = {
			isa = XCBuildConfiguration;
			buildSettings = {
				ALWAYS_SEARCH_USER_PATHS = NO;
				CLANG_ANALYZER_NONNULL = YES;
				CLANG_ANALYZER_NUMBER_OBJECT_CONVERSION = YES_AGGRESSIVE;
				CLANG_CXX_LANGUAGE_STANDARD = "gnu++14";
				CLANG_CXX_LIBRARY = "libc++";
				CLANG_ENABLE_MODULES = YES;
				CLANG_ENABLE_OBJC_ARC = YES;
				CLANG_ENABLE_OBJC_WEAK = YES;
				CLANG_WARN_BLOCK_CAPTURE_AUTORELEASING = YES;
				CLANG_WARN_BOOL_CONVERSION = YES;
				CLANG_WARN_COMMA = YES;
				CLANG_WARN_CONSTANT_CONVERSION = YES;
				CLANG_WARN_DEPRECATED_OBJC_IMPLEMENTATIONS = YES;
				CLANG_WARN_DIRECT_OBJC_ISA_USAGE = YES_ERROR;
				CLANG_WARN_DOCUMENTATION_COMMENTS = YES;
				CLANG_WARN_EMPTY_BODY = YES;
				CLANG_WARN_ENUM_CONVERSION = YES;
				CLANG_WARN_INFINITE_RECURSION = YES;
				CLANG_WARN_INT_CONVERSION = YES;
				CLANG_WARN_NON_LITERAL_NULL_CONVERSION = YES;
				CLANG_WARN_OBJC_IMPLICIT_RETAIN_SELF = YES;
				CLANG_WARN_OBJC_LITERAL_CONVERSION = YES;
				CLANG_WARN_OBJC_ROOT_CLASS = YES_ERROR;
				CLANG_WARN_QUOTED_INCLUDE_IN_FRAMEWORK_HEADER = YES;
				CLANG_WARN_RANGE_LOOP_ANALYSIS = YES;
				CLANG_WARN_STRICT_PROTOTYPES = YES;
				CLANG_WARN_SUSPICIOUS_MOVE = YES;
				CLANG_WARN_UNGUARDED_AVAILABILITY = YES_AGGRESSIVE;
				CLANG_WARN_UNREACHABLE_CODE = YES;
				CLANG_WARN__DUPLICATE_METHOD_MATCH = YES;
				COPY_PHASE_STRIP = NO;
				DEBUG_INFORMATION_FORMAT = dwarf;
				ENABLE_STRICT_OBJC_MSGSEND = YES;
				ENABLE_TESTABILITY = YES;
				GCC_C_LANGUAGE_STANDARD = gnu11;
				GCC_DYNAMIC_NO_PIC = NO;
				GCC_NO_COMMON_BLOCKS = YES;
				GCC_OPTIMIZATION_LEVEL = 0;
				GCC_PREPROCESSOR_DEFINITIONS = (
					"DEBUG=1",
					"$(inherited)",
				);
				GCC_WARN_64_TO_32_BIT_CONVERSION = YES;
				GCC_WARN_ABOUT_RETURN_TYPE = YES_ERROR;
				GCC_WARN_UNDECLARED_SELECTOR = YES;
				GCC_WARN_UNINITIALIZED_AUTOS = YES_AGGRESSIVE;
				GCC_WARN_UNUSED_FUNCTION = YES;
				GCC_WARN_UNUSED_VARIABLE = YES;
				IPHONEOS_DEPLOYMENT_TARGET = 14.4;
				MTL_ENABLE_DEBUG_INFO = INCLUDE_SOURCE;
				MTL_FAST_MATH = YES;
				ONLY_ACTIVE_ARCH = YES;
				SDKROOT = iphoneos;
				SWIFT_ACTIVE_COMPILATION_CONDITIONS = DEBUG;
				SWIFT_OPTIMIZATION_LEVEL = "-Onone";
			};
			name = Debug;
		};
		FB0213CB25D4E6A3006DAE4E /* Release */ = {
			isa = XCBuildConfiguration;
			buildSettings = {
				ALWAYS_SEARCH_USER_PATHS = NO;
				CLANG_ANALYZER_NONNULL = YES;
				CLANG_ANALYZER_NUMBER_OBJECT_CONVERSION = YES_AGGRESSIVE;
				CLANG_CXX_LANGUAGE_STANDARD = "gnu++14";
				CLANG_CXX_LIBRARY = "libc++";
				CLANG_ENABLE_MODULES = YES;
				CLANG_ENABLE_OBJC_ARC = YES;
				CLANG_ENABLE_OBJC_WEAK = YES;
				CLANG_WARN_BLOCK_CAPTURE_AUTORELEASING = YES;
				CLANG_WARN_BOOL_CONVERSION = YES;
				CLANG_WARN_COMMA = YES;
				CLANG_WARN_CONSTANT_CONVERSION = YES;
				CLANG_WARN_DEPRECATED_OBJC_IMPLEMENTATIONS = YES;
				CLANG_WARN_DIRECT_OBJC_ISA_USAGE = YES_ERROR;
				CLANG_WARN_DOCUMENTATION_COMMENTS = YES;
				CLANG_WARN_EMPTY_BODY = YES;
				CLANG_WARN_ENUM_CONVERSION = YES;
				CLANG_WARN_INFINITE_RECURSION = YES;
				CLANG_WARN_INT_CONVERSION = YES;
				CLANG_WARN_NON_LITERAL_NULL_CONVERSION = YES;
				CLANG_WARN_OBJC_IMPLICIT_RETAIN_SELF = YES;
				CLANG_WARN_OBJC_LITERAL_CONVERSION = YES;
				CLANG_WARN_OBJC_ROOT_CLASS = YES_ERROR;
				CLANG_WARN_QUOTED_INCLUDE_IN_FRAMEWORK_HEADER = YES;
				CLANG_WARN_RANGE_LOOP_ANALYSIS = YES;
				CLANG_WARN_STRICT_PROTOTYPES = YES;
				CLANG_WARN_SUSPICIOUS_MOVE = YES;
				CLANG_WARN_UNGUARDED_AVAILABILITY = YES_AGGRESSIVE;
				CLANG_WARN_UNREACHABLE_CODE = YES;
				CLANG_WARN__DUPLICATE_METHOD_MATCH = YES;
				COPY_PHASE_STRIP = NO;
				DEBUG_INFORMATION_FORMAT = "dwarf-with-dsym";
				ENABLE_NS_ASSERTIONS = NO;
				ENABLE_STRICT_OBJC_MSGSEND = YES;
				GCC_C_LANGUAGE_STANDARD = gnu11;
				GCC_NO_COMMON_BLOCKS = YES;
				GCC_WARN_64_TO_32_BIT_CONVERSION = YES;
				GCC_WARN_ABOUT_RETURN_TYPE = YES_ERROR;
				GCC_WARN_UNDECLARED_SELECTOR = YES;
				GCC_WARN_UNINITIALIZED_AUTOS = YES_AGGRESSIVE;
				GCC_WARN_UNUSED_FUNCTION = YES;
				GCC_WARN_UNUSED_VARIABLE = YES;
				IPHONEOS_DEPLOYMENT_TARGET = 14.4;
				MTL_ENABLE_DEBUG_INFO = NO;
				MTL_FAST_MATH = YES;
				SDKROOT = iphoneos;
				SWIFT_COMPILATION_MODE = wholemodule;
				SWIFT_OPTIMIZATION_LEVEL = "-O";
				VALIDATE_PRODUCT = YES;
			};
			name = Release;
		};
		FB0213CD25D4E6A3006DAE4E /* Debug */ = {
			isa = XCBuildConfiguration;
			buildSettings = {
				ASSETCATALOG_COMPILER_APPICON_NAME = AppIcon;
				ASSETCATALOG_COMPILER_GLOBAL_ACCENT_COLOR_NAME = AccentColor;
				CODE_SIGN_STYLE = Automatic;
				INFOPLIST_FILE = SwiftPMApp/Info.plist;
				LD_RUNPATH_SEARCH_PATHS = (
					"$(inherited)",
					"@executable_path/Frameworks",
				);
				PRODUCT_BUNDLE_IDENTIFIER = app.ito.ayu.SwiftPMApp;
				PRODUCT_NAME = "$(TARGET_NAME)";
				SWIFT_VERSION = 5.0;
				TARGETED_DEVICE_FAMILY = "1,2";
			};
			name = Debug;
		};
		FB0213CE25D4E6A3006DAE4E /* Release */ = {
			isa = XCBuildConfiguration;
			buildSettings = {
				ASSETCATALOG_COMPILER_APPICON_NAME = AppIcon;
				ASSETCATALOG_COMPILER_GLOBAL_ACCENT_COLOR_NAME = AccentColor;
				CODE_SIGN_STYLE = Automatic;
				INFOPLIST_FILE = SwiftPMApp/Info.plist;
				LD_RUNPATH_SEARCH_PATHS = (
					"$(inherited)",
					"@executable_path/Frameworks",
				);
				PRODUCT_BUNDLE_IDENTIFIER = app.ito.ayu.SwiftPMApp;
				PRODUCT_NAME = "$(TARGET_NAME)";
				SWIFT_VERSION = 5.0;
				TARGETED_DEVICE_FAMILY = "1,2";
			};
			name = Release;
		};
		FB0213D025D4E6A3006DAE4E /* Debug */ = {
			isa = XCBuildConfiguration;
			buildSettings = {
				ALWAYS_EMBED_SWIFT_STANDARD_LIBRARIES = YES;
				BUNDLE_LOADER = "$(TEST_HOST)";
				CODE_SIGN_STYLE = Automatic;
				INFOPLIST_FILE = SwiftPMAppTests/Info.plist;
				IPHONEOS_DEPLOYMENT_TARGET = 14.4;
				LD_RUNPATH_SEARCH_PATHS = (
					"$(inherited)",
					"@executable_path/Frameworks",
					"@loader_path/Frameworks",
				);
				PRODUCT_BUNDLE_IDENTIFIER = app.ito.ayu.SwiftPMAppTests;
				PRODUCT_NAME = "$(TARGET_NAME)";
				SWIFT_VERSION = 5.0;
				TARGETED_DEVICE_FAMILY = "1,2";
				TEST_HOST = "$(BUILT_PRODUCTS_DIR)/SwiftPMApp.app/SwiftPMApp";
			};
			name = Debug;
		};
		FB0213D125D4E6A3006DAE4E /* Release */ = {
			isa = XCBuildConfiguration;
			buildSettings = {
				ALWAYS_EMBED_SWIFT_STANDARD_LIBRARIES = YES;
				BUNDLE_LOADER = "$(TEST_HOST)";
				CODE_SIGN_STYLE = Automatic;
				INFOPLIST_FILE = SwiftPMAppTests/Info.plist;
				IPHONEOS_DEPLOYMENT_TARGET = 14.4;
				LD_RUNPATH_SEARCH_PATHS = (
					"$(inherited)",
					"@executable_path/Frameworks",
					"@loader_path/Frameworks",
				);
				PRODUCT_BUNDLE_IDENTIFIER = app.ito.ayu.SwiftPMAppTests;
				PRODUCT_NAME = "$(TARGET_NAME)";
				SWIFT_VERSION = 5.0;
				TARGETED_DEVICE_FAMILY = "1,2";
				TEST_HOST = "$(BUILT_PRODUCTS_DIR)/SwiftPMApp.app/SwiftPMApp";
			};
			name = Release;
		};
		FB0213D325D4E6A3006DAE4E /* Debug */ = {
			isa = XCBuildConfiguration;
			buildSettings = {
				ALWAYS_EMBED_SWIFT_STANDARD_LIBRARIES = YES;
				CODE_SIGN_STYLE = Automatic;
				INFOPLIST_FILE = SwiftPMAppUITests/Info.plist;
				LD_RUNPATH_SEARCH_PATHS = (
					"$(inherited)",
					"@executable_path/Frameworks",
					"@loader_path/Frameworks",
				);
				PRODUCT_BUNDLE_IDENTIFIER = app.ito.ayu.SwiftPMAppUITests;
				PRODUCT_NAME = "$(TARGET_NAME)";
				SWIFT_VERSION = 5.0;
				TARGETED_DEVICE_FAMILY = "1,2";
				TEST_TARGET_NAME = SwiftPMApp;
			};
			name = Debug;
		};
		FB0213D425D4E6A3006DAE4E /* Release */ = {
			isa = XCBuildConfiguration;
			buildSettings = {
				ALWAYS_EMBED_SWIFT_STANDARD_LIBRARIES = YES;
				CODE_SIGN_STYLE = Automatic;
				INFOPLIST_FILE = SwiftPMAppUITests/Info.plist;
				LD_RUNPATH_SEARCH_PATHS = (
					"$(inherited)",
					"@executable_path/Frameworks",
					"@loader_path/Frameworks",
				);
				PRODUCT_BUNDLE_IDENTIFIER = app.ito.ayu.SwiftPMAppUITests;
				PRODUCT_NAME = "$(TARGET_NAME)";
				SWIFT_VERSION = 5.0;
				TARGETED_DEVICE_FAMILY = "1,2";
				TEST_TARGET_NAME = SwiftPMApp;
			};
			name = Release;
		};
/* End XCBuildConfiguration section */

/* Begin XCConfigurationList section */
		FB02139D25D4E6A2006DAE4E /* Build configuration list for PBXProject "SwiftPMApp" */ = {
			isa = XCConfigurationList;
			buildConfigurations = (
				FB0213CA25D4E6A3006DAE4E /* Debug */,
				FB0213CB25D4E6A3006DAE4E /* Release */,
			);
			defaultConfigurationIsVisible = 0;
			defaultConfigurationName = Release;
		};
		FB0213CC25D4E6A3006DAE4E /* Build configuration list for PBXNativeTarget "SwiftPMApp" */ = {
			isa = XCConfigurationList;
			buildConfigurations = (
				FB0213CD25D4E6A3006DAE4E /* Debug */,
				FB0213CE25D4E6A3006DAE4E /* Release */,
			);
			defaultConfigurationIsVisible = 0;
			defaultConfigurationName = Release;
		};
		FB0213CF25D4E6A3006DAE4E /* Build configuration list for PBXNativeTarget "SwiftPMAppTests" */ = {
			isa = XCConfigurationList;
			buildConfigurations = (
				FB0213D025D4E6A3006DAE4E /* Debug */,
				FB0213D125D4E6A3006DAE4E /* Release */,
			);
			defaultConfigurationIsVisible = 0;
			defaultConfigurationName = Release;
		};
		FB0213D225D4E6A3006DAE4E /* Build configuration list for PBXNativeTarget "SwiftPMAppUITests" */ = {
			isa = XCConfigurationList;
			buildConfigurations = (
				FB0213D325D4E6A3006DAE4E /* Debug */,
				FB0213D425D4E6A3006DAE4E /* Release */,
			);
			defaultConfigurationIsVisible = 0;
			defaultConfigurationName = Release;
		};
/* End XCConfigurationList section */

/* Begin XCRemoteSwiftPackageReference section */
		FB545F9B25D4EC1D00F4129D /* XCRemoteSwiftPackageReference "PKHUD" */ = {
			isa = XCRemoteSwiftPackageReference;
			repositoryURL = "https://github.com/pkluz/PKHUD.git";
			requirement = {
				kind = upToNextMajorVersion;
				minimumVersion = 5.4.0;
			};
		};
/* End XCRemoteSwiftPackageReference section */

/* Begin XCSwiftPackageProductDependency section */
		FB545F9C25D4EC1D00F4129D /* PKHUD */ = {
			isa = XCSwiftPackageProductDependency;
			package = FB545F9B25D4EC1D00F4129D /* XCRemoteSwiftPackageReference "PKHUD" */;
			productName = PKHUD;
		};
/* End XCSwiftPackageProductDependency section */
	};
	rootObject = FB02139A25D4E6A2006DAE4E /* Project object */;
}
